
Microsoft Visual Studio Solution File, Format Version 12.00
# Visual Studio Version 16
VisualStudioVersion = 16.0.31729.503
MinimumVisualStudioVersion = 10.0.40219.1
Project("{FAE04EC0-301F-11D3-BF4B-00C04F79EFBC}") = "DrugstoreApplication", "DrugstoreApplication\DrugstoreApplication.csproj", "{EC0B3223-BA32-4B9E-8C0F-1A157FE9CD00}"
EndProject
Global
	GlobalSection(SolutionConfigurationPlatforms) = preSolution
		Debug|Any CPU = Debug|Any CPU
		Release|Any CPU = Release|Any CPU
	EndGlobalSection
	GlobalSection(ProjectConfigurationPlatforms) = postSolution
		{EC0B3223-BA32-4B9E-8C0F-1A157FE9CD00}.Debug|Any CPU.ActiveCfg = Debug|Any CPU
		{EC0B3223-BA32-4B9E-8C0F-1A157FE9CD00}.Debug|Any CPU.Build.0 = Debug|Any CPU
		{EC0B3223-BA32-4B9E-8C0F-1A157FE9CD00}.Release|Any CPU.ActiveCfg = Release|Any CPU
		{EC0B3223-BA32-4B9E-8C0F-1A157FE9CD00}.Release|Any CPU.Build.0 = Release|Any CPU
	EndGlobalSection
	GlobalSection(SolutionProperties) = preSolution
		HideSolutionNode = FALSE
	EndGlobalSection
	GlobalSection(ExtensibilityGlobals) = postSolution
		SolutionGuid = {EF911611-5FCE-4619-B824-79CB73636B9C}
	EndGlobalSection
EndGlobal
