
Microsoft Visual Studio Solution File, Format Version 12.00
# Visual Studio Version 16
VisualStudioVersion = 16.0.31105.61
MinimumVisualStudioVersion = 10.0.40219.1
Project("{9A19103F-16F7-4668-BE54-9A1E7A4F7556}") = "Integration API", "Integration API.csproj", "{7F23ED82-4F8A-40CF-8E93-1C741FFF7895}"
EndProject
Project("{9A19103F-16F7-4668-BE54-9A1E7A4F7556}") = "Integration", "..\Integration\Integration.csproj", "{D15F590B-FE04-4A97-A42F-E6232E170AD8}"
EndProject
Project("{9A19103F-16F7-4668-BE54-9A1E7A4F7556}") = "IntegrationApiTests", "..\IntegrationApiTests\IntegrationApiTests.csproj", "{425AD966-DDA2-4533-A2B3-6B2BA8649AD5}"
EndProject
Global
	GlobalSection(SolutionConfigurationPlatforms) = preSolution
		Debug|Any CPU = Debug|Any CPU
		Release|Any CPU = Release|Any CPU
	EndGlobalSection
	GlobalSection(ProjectConfigurationPlatforms) = postSolution
		{7F23ED82-4F8A-40CF-8E93-1C741FFF7895}.Debug|Any CPU.ActiveCfg = Debug|Any CPU
		{7F23ED82-4F8A-40CF-8E93-1C741FFF7895}.Debug|Any CPU.Build.0 = Debug|Any CPU
		{7F23ED82-4F8A-40CF-8E93-1C741FFF7895}.Release|Any CPU.ActiveCfg = Release|Any CPU
		{7F23ED82-4F8A-40CF-8E93-1C741FFF7895}.Release|Any CPU.Build.0 = Release|Any CPU
		{D15F590B-FE04-4A97-A42F-E6232E170AD8}.Debug|Any CPU.ActiveCfg = Debug|Any CPU
		{D15F590B-FE04-4A97-A42F-E6232E170AD8}.Debug|Any CPU.Build.0 = Debug|Any CPU
		{D15F590B-FE04-4A97-A42F-E6232E170AD8}.Release|Any CPU.ActiveCfg = Release|Any CPU
		{D15F590B-FE04-4A97-A42F-E6232E170AD8}.Release|Any CPU.Build.0 = Release|Any CPU
		{425AD966-DDA2-4533-A2B3-6B2BA8649AD5}.Debug|Any CPU.ActiveCfg = Debug|Any CPU
		{425AD966-DDA2-4533-A2B3-6B2BA8649AD5}.Debug|Any CPU.Build.0 = Debug|Any CPU
		{425AD966-DDA2-4533-A2B3-6B2BA8649AD5}.Release|Any CPU.ActiveCfg = Release|Any CPU
		{425AD966-DDA2-4533-A2B3-6B2BA8649AD5}.Release|Any CPU.Build.0 = Release|Any CPU
	EndGlobalSection
	GlobalSection(SolutionProperties) = preSolution
		HideSolutionNode = FALSE
	EndGlobalSection
	GlobalSection(ExtensibilityGlobals) = postSolution
		SolutionGuid = {D890BC5F-0173-45BD-8ACA-A217A43444B1}
	EndGlobalSection
EndGlobal
